// !$*UTF8*$!
{
	archiveVersion = 1;
	classes = {
	};
	objectVersion = 48;
	objects = {

/* Begin PBXBuildFile section */
		A9CE34D81F0B563E00703949 /* AppDelegate.swift in Sources */ = {isa = PBXBuildFile; fileRef = A9CE34D71F0B563E00703949 /* AppDelegate.swift */; };
		A9CE34DA1F0B563E00703949 /* ViewController.swift in Sources */ = {isa = PBXBuildFile; fileRef = A9CE34D91F0B563E00703949 /* ViewController.swift */; };
		A9CE34DD1F0B563E00703949 /* Main.storyboard in Resources */ = {isa = PBXBuildFile; fileRef = A9CE34DB1F0B563E00703949 /* Main.storyboard */; };
		A9CE34DF1F0B563E00703949 /* Assets.xcassets in Resources */ = {isa = PBXBuildFile; fileRef = A9CE34DE1F0B563E00703949 /* Assets.xcassets */; };
		A9CE34E21F0B563E00703949 /* LaunchScreen.storyboard in Resources */ = {isa = PBXBuildFile; fileRef = A9CE34E01F0B563E00703949 /* LaunchScreen.storyboard */; };
		A9CE34FB1F0D4AAE00703949 /* Cars.mlmodel in Sources */ = {isa = PBXBuildFile; fileRef = A9CE34FA1F0D4A8400703949 /* Cars.mlmodel */; };
/* End PBXBuildFile section */

/* Begin PBXFileReference section */
		A9CE34D41F0B563E00703949 /* CoreMLPrimer.app */ = {isa = PBXFileReference; explicitFileType = wrapper.application; includeInIndex = 0; path = CoreMLPrimer.app; sourceTree = BUILT_PRODUCTS_DIR; };
		A9CE34D71F0B563E00703949 /* AppDelegate.swift */ = {isa = PBXFileReference; lastKnownFileType = sourcecode.swift; path = AppDelegate.swift; sourceTree = "<group>"; };
		A9CE34D91F0B563E00703949 /* ViewController.swift */ = {isa = PBXFileReference; lastKnownFileType = sourcecode.swift; path = ViewController.swift; sourceTree = "<group>"; };
		A9CE34DC1F0B563E00703949 /* Base */ = {isa = PBXFileReference; lastKnownFileType = file.storyboard; name = Base; path = Base.lproj/Main.storyboard; sourceTree = "<group>"; };
		A9CE34DE1F0B563E00703949 /* Assets.xcassets */ = {isa = PBXFileReference; lastKnownFileType = folder.assetcatalog; path = Assets.xcassets; sourceTree = "<group>"; };
		A9CE34E11F0B563E00703949 /* Base */ = {isa = PBXFileReference; lastKnownFileType = file.storyboard; name = Base; path = Base.lproj/LaunchScreen.storyboard; sourceTree = "<group>"; };
		A9CE34E31F0B563E00703949 /* Info.plist */ = {isa = PBXFileReference; lastKnownFileType = text.plist.xml; path = Info.plist; sourceTree = "<group>"; };
		A9CE34F21F0D49AD00703949 /* logo@3x.png */ = {isa = PBXFileReference; lastKnownFileType = image.png; path = "logo@3x.png"; sourceTree = "<group>"; };
		A9CE34F31F0D49AD00703949 /* logo@2x.png */ = {isa = PBXFileReference; lastKnownFileType = image.png; path = "logo@2x.png"; sourceTree = "<group>"; };
		A9CE34F41F0D49AD00703949 /* logo.png */ = {isa = PBXFileReference; lastKnownFileType = image.png; path = logo.png; sourceTree = "<group>"; };
		A9CE34FA1F0D4A8400703949 /* Cars.mlmodel */ = {isa = PBXFileReference; lastKnownFileType = file.mlmodel; path = Cars.mlmodel; sourceTree = "<group>"; };
/* End PBXFileReference section */

/* Begin PBXFrameworksBuildPhase section */
		A9CE34D11F0B563E00703949 /* Frameworks */ = {
			isa = PBXFrameworksBuildPhase;
			buildActionMask = 2147483647;
			files = (
			);
			runOnlyForDeploymentPostprocessing = 0;
		};
/* End PBXFrameworksBuildPhase section */

/* Begin PBXGroup section */
		A9CE34CB1F0B563E00703949 = {
			isa = PBXGroup;
			children = (
				A9CE34D61F0B563E00703949 /* CoreMLPrimer */,
				A9CE34D51F0B563E00703949 /* Products */,
			);
			sourceTree = "<group>";
		};
		A9CE34D51F0B563E00703949 /* Products */ = {
			isa = PBXGroup;
			children = (
				A9CE34D41F0B563E00703949 /* CoreMLPrimer.app */,
			);
			name = Products;
			sourceTree = "<group>";
		};
		A9CE34D61F0B563E00703949 /* CoreMLPrimer */ = {
			isa = PBXGroup;
			children = (
				A9CE34F51F0D49BE00703949 /* models */,
				A9CE34EB1F0C1E8500703949 /* Icons */,
				A9CE34D71F0B563E00703949 /* AppDelegate.swift */,
				A9CE34D91F0B563E00703949 /* ViewController.swift */,
				A9CE34DB1F0B563E00703949 /* Main.storyboard */,
				A9CE34DE1F0B563E00703949 /* Assets.xcassets */,
				A9CE34E01F0B563E00703949 /* LaunchScreen.storyboard */,
				A9CE34E31F0B563E00703949 /* Info.plist */,
			);
			path = CoreMLPrimer;
			sourceTree = "<group>";
		};
		A9CE34EB1F0C1E8500703949 /* Icons */ = {
			isa = PBXGroup;
			children = (
				A9CE34F41F0D49AD00703949 /* logo.png */,
				A9CE34F31F0D49AD00703949 /* logo@2x.png */,
				A9CE34F21F0D49AD00703949 /* logo@3x.png */,
			);
			path = Icons;
			sourceTree = "<group>";
		};
		A9CE34F51F0D49BE00703949 /* models */ = {
			isa = PBXGroup;
			children = (
				A9CE34FA1F0D4A8400703949 /* Cars.mlmodel */,
			);
			path = models;
			sourceTree = "<group>";
		};
/* End PBXGroup section */

/* Begin PBXNativeTarget section */
		A9CE34D31F0B563E00703949 /* CoreMLPrimer */ = {
			isa = PBXNativeTarget;
			buildConfigurationList = A9CE34E61F0B563E00703949 /* Build configuration list for PBXNativeTarget "CoreMLPrimer" */;
			buildPhases = (
				A9CE34D01F0B563E00703949 /* Sources */,
				A9CE34D11F0B563E00703949 /* Frameworks */,
				A9CE34D21F0B563E00703949 /* Resources */,
			);
			buildRules = (
			);
			dependencies = (
			);
			name = CoreMLPrimer;
			productName = CoreMLPrimer;
			productReference = A9CE34D41F0B563E00703949 /* CoreMLPrimer.app */;
			productType = "com.apple.product-type.application";
		};
/* End PBXNativeTarget section */

/* Begin PBXProject section */
		A9CE34CC1F0B563E00703949 /* Project object */ = {
			isa = PBXProject;
			attributes = {
				LastSwiftUpdateCheck = 0900;
				LastUpgradeCheck = 0900;
				ORGANIZATIONNAME = xeniah;
				TargetAttributes = {
					A9CE34D31F0B563E00703949 = {
						CreatedOnToolsVersion = 9.0;
					};
				};
			};
			buildConfigurationList = A9CE34CF1F0B563E00703949 /* Build configuration list for PBXProject "CoreMLPrimer" */;
			compatibilityVersion = "Xcode 8.0";
			developmentRegion = en;
			hasScannedForEncodings = 0;
			knownRegions = (
				en,
				Base,
			);
			mainGroup = A9CE34CB1F0B563E00703949;
			productRefGroup = A9CE34D51F0B563E00703949 /* Products */;
			projectDirPath = "";
			projectRoot = "";
			targets = (
				A9CE34D31F0B563E00703949 /* CoreMLPrimer */,
			);
		};
/* End PBXProject section */

/* Begin PBXResourcesBuildPhase section */
		A9CE34D21F0B563E00703949 /* Resources */ = {
			isa = PBXResourcesBuildPhase;
			buildActionMask = 2147483647;
			files = (
				A9CE34E21F0B563E00703949 /* LaunchScreen.storyboard in Resources */,
				A9CE34DF1F0B563E00703949 /* Assets.xcassets in Resources */,
				A9CE34DD1F0B563E00703949 /* Main.storyboard in Resources */,
			);
			runOnlyForDeploymentPostprocessing = 0;
		};
/* End PBXResourcesBuildPhase section */

/* Begin PBXSourcesBuildPhase section */
		A9CE34D01F0B563E00703949 /* Sources */ = {
			isa = PBXSourcesBuildPhase;
			buildActionMask = 2147483647;
			files = (
				A9CE34DA1F0B563E00703949 /* ViewController.swift in Sources */,
				A9CE34D81F0B563E00703949 /* AppDelegate.swift in Sources */,
				A9CE34FB1F0D4AAE00703949 /* Cars.mlmodel in Sources */,
			);
			runOnlyForDeploymentPostprocessing = 0;
		};
/* End PBXSourcesBuildPhase section */

/* Begin PBXVariantGroup section */
		A9CE34DB1F0B563E00703949 /* Main.storyboard */ = {
			isa = PBXVariantGroup;
			children = (
				A9CE34DC1F0B563E00703949 /* Base */,
			);
			name = Main.storyboard;
			sourceTree = "<group>";
		};
		A9CE34E01F0B563E00703949 /* LaunchScreen.storyboard */ = {
			isa = PBXVariantGroup;
			children = (
				A9CE34E11F0B563E00703949 /* Base */,
			);
			name = LaunchScreen.storyboard;
			sourceTree = "<group>";
		};
/* End PBXVariantGroup section */

/* Begin XCBuildConfiguration section */
		A9CE34E41F0B563E00703949 /* Debug */ = {
			isa = XCBuildConfiguration;
			buildSettings = {
				ALWAYS_SEARCH_USER_PATHS = NO;
				CLANG_ANALYZER_NONNULL = YES;
				CLANG_ANALYZER_NUMBER_OBJECT_CONVERSION = YES_AGGRESSIVE;
				CLANG_CXX_LANGUAGE_STANDARD = "gnu++14";
				CLANG_CXX_LIBRARY = "libc++";
				CLANG_ENABLE_MODULES = YES;
				CLANG_ENABLE_OBJC_ARC = YES;
				CLANG_WARN_BLOCK_CAPTURE_AUTORELEASING = YES;
				CLANG_WARN_BOOL_CONVERSION = YES;
				CLANG_WARN_COMMA = YES;
				CLANG_WARN_CONSTANT_CONVERSION = YES;
				CLANG_WARN_DIRECT_OBJC_ISA_USAGE = YES_ERROR;
				CLANG_WARN_DOCUMENTATION_COMMENTS = YES;
				CLANG_WARN_EMPTY_BODY = YES;
				CLANG_WARN_ENUM_CONVERSION = YES;
				CLANG_WARN_INFINITE_RECURSION = YES;
				CLANG_WARN_INT_CONVERSION = YES;
				CLANG_WARN_OBJC_ROOT_CLASS = YES_ERROR;
				CLANG_WARN_RANGE_LOOP_ANALYSIS = YES;
				CLANG_WARN_STRICT_PROTOTYPES = YES;
				CLANG_WARN_SUSPICIOUS_MOVE = YES;
				CLANG_WARN_UNGUARDED_AVAILABILITY = YES_AGGRESSIVE;
				CLANG_WARN_UNREACHABLE_CODE = YES;
				CLANG_WARN__DUPLICATE_METHOD_MATCH = YES;
				CODE_SIGN_IDENTITY = "iPhone Developer";
				COPY_PHASE_STRIP = NO;
				DEBUG_INFORMATION_FORMAT = dwarf;
				ENABLE_STRICT_OBJC_MSGSEND = YES;
				ENABLE_TESTABILITY = YES;
				GCC_C_LANGUAGE_STANDARD = gnu11;
				GCC_DYNAMIC_NO_PIC = NO;
				GCC_NO_COMMON_BLOCKS = YES;
				GCC_OPTIMIZATION_LEVEL = 0;
				GCC_PREPROCESSOR_DEFINITIONS = (
					"DEBUG=1",
					"$(inherited)",
				);
				GCC_WARN_64_TO_32_BIT_CONVERSION = YES;
				GCC_WARN_ABOUT_RETURN_TYPE = YES_ERROR;
				GCC_WARN_UNDECLARED_SELECTOR = YES;
				GCC_WARN_UNINITIALIZED_AUTOS = YES_AGGRESSIVE;
				GCC_WARN_UNUSED_FUNCTION = YES;
				GCC_WARN_UNUSED_VARIABLE = YES;
				IPHONEOS_DEPLOYMENT_TARGET = 11.0;
				MTL_ENABLE_DEBUG_INFO = YES;
				ONLY_ACTIVE_ARCH = YES;
				SDKROOT = iphoneos;
				SWIFT_ACTIVE_COMPILATION_CONDITIONS = DEBUG;
				SWIFT_OPTIMIZATION_LEVEL = "-Onone";
			};
			name = Debug;
		};
		A9CE34E51F0B563E00703949 /* Release */ = {
			isa = XCBuildConfiguration;
			buildSettings = {
				ALWAYS_SEARCH_USER_PATHS = NO;
				CLANG_ANALYZER_NONNULL = YES;
				CLANG_ANALYZER_NUMBER_OBJECT_CONVERSION = YES_AGGRESSIVE;
				CLANG_CXX_LANGUAGE_STANDARD = "gnu++14";
				CLANG_CXX_LIBRARY = "libc++";
				CLANG_ENABLE_MODULES = YES;
				CLANG_ENABLE_OBJC_ARC = YES;
				CLANG_WARN_BLOCK_CAPTURE_AUTORELEASING = YES;
				CLANG_WARN_BOOL_CONVERSION = YES;
				CLANG_WARN_COMMA = YES;
				CLANG_WARN_CONSTANT_CONVERSION = YES;
				CLANG_WARN_DIRECT_OBJC_ISA_USAGE = YES_ERROR;
				CLANG_WARN_DOCUMENTATION_COMMENTS = YES;
				CLANG_WARN_EMPTY_BODY = YES;
				CLANG_WARN_ENUM_CONVERSION = YES;
				CLANG_WARN_INFINITE_RECURSION = YES;
				CLANG_WARN_INT_CONVERSION = YES;
				CLANG_WARN_OBJC_ROOT_CLASS = YES_ERROR;
				CLANG_WARN_RANGE_LOOP_ANALYSIS = YES;
				CLANG_WARN_STRICT_PROTOTYPES = YES;
				CLANG_WARN_SUSPICIOUS_MOVE = YES;
				CLANG_WARN_UNGUARDED_AVAILABILITY = YES_AGGRESSIVE;
				CLANG_WARN_UNREACHABLE_CODE = YES;
				CLANG_WARN__DUPLICATE_METHOD_MATCH = YES;
				CODE_SIGN_IDENTITY = "iPhone Developer";
				COPY_PHASE_STRIP = NO;
				DEBUG_INFORMATION_FORMAT = "dwarf-with-dsym";
				ENABLE_NS_ASSERTIONS = NO;
				ENABLE_STRICT_OBJC_MSGSEND = YES;
				GCC_C_LANGUAGE_STANDARD = gnu11;
				GCC_NO_COMMON_BLOCKS = YES;
				GCC_WARN_64_TO_32_BIT_CONVERSION = YES;
				GCC_WARN_ABOUT_RETURN_TYPE = YES_ERROR;
				GCC_WARN_UNDECLARED_SELECTOR = YES;
				GCC_WARN_UNINITIALIZED_AUTOS = YES_AGGRESSIVE;
				GCC_WARN_UNUSED_FUNCTION = YES;
				GCC_WARN_UNUSED_VARIABLE = YES;
				IPHONEOS_DEPLOYMENT_TARGET = 11.0;
				MTL_ENABLE_DEBUG_INFO = NO;
				SDKROOT = iphoneos;
				SWIFT_OPTIMIZATION_LEVEL = "-Owholemodule";
				VALIDATE_PRODUCT = YES;
			};
			name = Release;
		};
		A9CE34E71F0B563E00703949 /* Debug */ = {
			isa = XCBuildConfiguration;
			buildSettings = {
				ASSETCATALOG_COMPILER_APPICON_NAME = AppIcon;
				INFOPLIST_FILE = CoreMLPrimer/Info.plist;
				LD_RUNPATH_SEARCH_PATHS = "$(inherited) @executable_path/Frameworks";
				PRODUCT_BUNDLE_IDENTIFIER = com.xeniah.CoreMLPrimer;
				PRODUCT_NAME = "$(TARGET_NAME)";
				SWIFT_VERSION = 4.0;
				TARGETED_DEVICE_FAMILY = "1,2";
			};
			name = Debug;
		};
		A9CE34E81F0B563E00703949 /* Release */ = {
			isa = XCBuildConfiguration;
			buildSettings = {
				ASSETCATALOG_COMPILER_APPICON_NAME = AppIcon;
				INFOPLIST_FILE = CoreMLPrimer/Info.plist;
				LD_RUNPATH_SEARCH_PATHS = "$(inherited) @executable_path/Frameworks";
				PRODUCT_BUNDLE_IDENTIFIER = com.xeniah.CoreMLPrimer;
				PRODUCT_NAME = "$(TARGET_NAME)";
				SWIFT_VERSION = 4.0;
				TARGETED_DEVICE_FAMILY = "1,2";
			};
			name = Release;
		};
/* End XCBuildConfiguration section */

/* Begin XCConfigurationList section */
		A9CE34CF1F0B563E00703949 /* Build configuration list for PBXProject "CoreMLPrimer" */ = {
			isa = XCConfigurationList;
			buildConfigurations = (
				A9CE34E41F0B563E00703949 /* Debug */,
				A9CE34E51F0B563E00703949 /* Release */,
			);
			defaultConfigurationIsVisible = 0;
			defaultConfigurationName = Release;
		};
		A9CE34E61F0B563E00703949 /* Build configuration list for PBXNativeTarget "CoreMLPrimer" */ = {
			isa = XCConfigurationList;
			buildConfigurations = (
				A9CE34E71F0B563E00703949 /* Debug */,
				A9CE34E81F0B563E00703949 /* Release */,
			);
			defaultConfigurationIsVisible = 0;
			defaultConfigurationName = Release;
		};
/* End XCConfigurationList section */
	};
	rootObject = A9CE34CC1F0B563E00703949 /* Project object */;
}
